
Microsoft Visual Studio Solution File, Format Version 12.00
# Visual Studio Version 17
VisualStudioVersion = 17.4.33403.182
MinimumVisualStudioVersion = 10.0.40219.1
Project("{FAE04EC0-301F-11D3-BF4B-00C04F79EFBC}") = "PasswordVerifierConsoleApp", "PasswordVerifierConsoleApp.csproj", "{5CB92869-7D8F-4037-B3A2-779170F0C393}"
EndProject
Project("{FAE04EC0-301F-11D3-BF4B-00C04F79EFBC}") = "PasswordVerifierDomain", "..\PasswordVerifierDomain\PasswordVerifierDomain.csproj", "{620516A2-AFBB-4418-9FD5-9B608939D133}"
EndProject
Project("{2150E333-8FDC-42A3-9474-1A3956D46DE8}") = "Presentation", "Presentation", "{9B0DE451-EE5A-4BF1-9A94-3464C7361BC8}"
EndProject
Project("{2150E333-8FDC-42A3-9474-1A3956D46DE8}") = "Core", "Core", "{5FBCAC90-2FBD-4A94-BE4C-DE63EF16957B}"
EndProject
Global
	GlobalSection(SolutionConfigurationPlatforms) = preSolution
		Debug|Any CPU = Debug|Any CPU
		Release|Any CPU = Release|Any CPU
	EndGlobalSection
	GlobalSection(ProjectConfigurationPlatforms) = postSolution
		{5CB92869-7D8F-4037-B3A2-779170F0C393}.Debug|Any CPU.ActiveCfg = Debug|Any CPU
		{5CB92869-7D8F-4037-B3A2-779170F0C393}.Debug|Any CPU.Build.0 = Debug|Any CPU
		{5CB92869-7D8F-4037-B3A2-779170F0C393}.Release|Any CPU.ActiveCfg = Release|Any CPU
		{5CB92869-7D8F-4037-B3A2-779170F0C393}.Release|Any CPU.Build.0 = Release|Any CPU
		{620516A2-AFBB-4418-9FD5-9B608939D133}.Debug|Any CPU.ActiveCfg = Debug|Any CPU
		{620516A2-AFBB-4418-9FD5-9B608939D133}.Debug|Any CPU.Build.0 = Debug|Any CPU
		{620516A2-AFBB-4418-9FD5-9B608939D133}.Release|Any CPU.ActiveCfg = Release|Any CPU
		{620516A2-AFBB-4418-9FD5-9B608939D133}.Release|Any CPU.Build.0 = Release|Any CPU
	EndGlobalSection
	GlobalSection(SolutionProperties) = preSolution
		HideSolutionNode = FALSE
	EndGlobalSection
	GlobalSection(NestedProjects) = preSolution
		{5CB92869-7D8F-4037-B3A2-779170F0C393} = {9B0DE451-EE5A-4BF1-9A94-3464C7361BC8}
		{620516A2-AFBB-4418-9FD5-9B608939D133} = {5FBCAC90-2FBD-4A94-BE4C-DE63EF16957B}
	EndGlobalSection
	GlobalSection(ExtensibilityGlobals) = postSolution
		SolutionGuid = {A26B0049-C345-4D94-B3EC-A38C1B5EB773}
	EndGlobalSection
EndGlobal
